// !$*UTF8*$!
{
	archiveVersion = 1;
	classes = {
	};
	objectVersion = 46;
	objects = {

/* Begin PBXBuildFile section */
		F72FE7BB1E00260C0058D592 /* ListPresenter.swift in Sources */ = {isa = PBXBuildFile; fileRef = F72FE7BA1E00260C0058D592 /* ListPresenter.swift */; };
		F7525B7C1DFFB58E00A79E93 /* ListPresenterInterface.swift in Sources */ = {isa = PBXBuildFile; fileRef = F7525B7B1DFFB58E00A79E93 /* ListPresenterInterface.swift */; };
		F7525B7E1DFFB6A400A79E93 /* SupportFile.swift in Sources */ = {isa = PBXBuildFile; fileRef = F7525B7D1DFFB6A400A79E93 /* SupportFile.swift */; };
		F7525B801DFFD5C400A79E93 /* ApiProtocol.swift in Sources */ = {isa = PBXBuildFile; fileRef = F7525B7F1DFFD5C400A79E93 /* ApiProtocol.swift */; };
		F7525B821DFFEF9000A79E93 /* DataCellTableViewCell.swift in Sources */ = {isa = PBXBuildFile; fileRef = F7525B811DFFEF9000A79E93 /* DataCellTableViewCell.swift */; };
		F7525B841DFFF41300A79E93 /* ViewController.swift in Sources */ = {isa = PBXBuildFile; fileRef = F7525B831DFFF41300A79E93 /* ViewController.swift */; };
		F7E19D631DFFB220009586CF /* LaunchScreen.storyboard in Resources */ = {isa = PBXBuildFile; fileRef = F7E19D581DFFB220009586CF /* LaunchScreen.storyboard */; };
		F7E19D641DFFB220009586CF /* Main.storyboard in Resources */ = {isa = PBXBuildFile; fileRef = F7E19D591DFFB220009586CF /* Main.storyboard */; };
		F7E19D651DFFB220009586CF /* AppDelegate.swift in Sources */ = {isa = PBXBuildFile; fileRef = F7E19D5F1DFFB220009586CF /* AppDelegate.swift */; };
		F7E19D661DFFB220009586CF /* Assets.xcassets in Resources */ = {isa = PBXBuildFile; fileRef = F7E19D601DFFB220009586CF /* Assets.xcassets */; };
		F7E19D671DFFB220009586CF /* Info.plist in Resources */ = {isa = PBXBuildFile; fileRef = F7E19D611DFFB220009586CF /* Info.plist */; };
		F7E19D6A1DFFB2B4009586CF /* ArticleModel.swift in Sources */ = {isa = PBXBuildFile; fileRef = F7E19D691DFFB2B4009586CF /* ArticleModel.swift */; };
		F7E19D6C1DFFB443009586CF /* ArticlesData.swift in Sources */ = {isa = PBXBuildFile; fileRef = F7E19D6B1DFFB443009586CF /* ArticlesData.swift */; };
/* End PBXBuildFile section */

/* Begin PBXFileReference section */
		F72FE7BA1E00260C0058D592 /* ListPresenter.swift */ = {isa = PBXFileReference; fileEncoding = 4; lastKnownFileType = sourcecode.swift; path = ListPresenter.swift; sourceTree = "<group>"; };
		F7525B7B1DFFB58E00A79E93 /* ListPresenterInterface.swift */ = {isa = PBXFileReference; fileEncoding = 4; lastKnownFileType = sourcecode.swift; path = ListPresenterInterface.swift; sourceTree = "<group>"; };
		F7525B7D1DFFB6A400A79E93 /* SupportFile.swift */ = {isa = PBXFileReference; fileEncoding = 4; lastKnownFileType = sourcecode.swift; path = SupportFile.swift; sourceTree = "<group>"; };
		F7525B7F1DFFD5C400A79E93 /* ApiProtocol.swift */ = {isa = PBXFileReference; fileEncoding = 4; lastKnownFileType = sourcecode.swift; path = ApiProtocol.swift; sourceTree = "<group>"; };
		F7525B811DFFEF9000A79E93 /* DataCellTableViewCell.swift */ = {isa = PBXFileReference; fileEncoding = 4; lastKnownFileType = sourcecode.swift; path = DataCellTableViewCell.swift; sourceTree = "<group>"; };
		F7525B831DFFF41300A79E93 /* ViewController.swift */ = {isa = PBXFileReference; fileEncoding = 4; lastKnownFileType = sourcecode.swift; path = ViewController.swift; sourceTree = "<group>"; };
		F7E19D581DFFB220009586CF /* LaunchScreen.storyboard */ = {isa = PBXFileReference; fileEncoding = 4; lastKnownFileType = file.storyboard; path = LaunchScreen.storyboard; sourceTree = "<group>"; };
		F7E19D591DFFB220009586CF /* Main.storyboard */ = {isa = PBXFileReference; fileEncoding = 4; lastKnownFileType = file.storyboard; path = Main.storyboard; sourceTree = "<group>"; };
		F7E19D5F1DFFB220009586CF /* AppDelegate.swift */ = {isa = PBXFileReference; fileEncoding = 4; lastKnownFileType = sourcecode.swift; path = AppDelegate.swift; sourceTree = "<group>"; };
		F7E19D601DFFB220009586CF /* Assets.xcassets */ = {isa = PBXFileReference; lastKnownFileType = folder.assetcatalog; path = Assets.xcassets; sourceTree = "<group>"; };
		F7E19D611DFFB220009586CF /* Info.plist */ = {isa = PBXFileReference; fileEncoding = 4; lastKnownFileType = text.plist.xml; path = Info.plist; sourceTree = "<group>"; };
		F7E19D691DFFB2B4009586CF /* ArticleModel.swift */ = {isa = PBXFileReference; fileEncoding = 4; lastKnownFileType = sourcecode.swift; path = ArticleModel.swift; sourceTree = "<group>"; };
		F7E19D6B1DFFB443009586CF /* ArticlesData.swift */ = {isa = PBXFileReference; fileEncoding = 4; lastKnownFileType = sourcecode.swift; path = ArticlesData.swift; sourceTree = "<group>"; };
		F7F880451DFE5BDC001BEDEC /* MVP.app */ = {isa = PBXFileReference; explicitFileType = wrapper.application; includeInIndex = 0; path = MVP.app; sourceTree = BUILT_PRODUCTS_DIR; };
/* End PBXFileReference section */

/* Begin PBXFrameworksBuildPhase section */
		F7F880421DFE5BDC001BEDEC /* Frameworks */ = {
			isa = PBXFrameworksBuildPhase;
			buildActionMask = 2147483647;
			files = (
			);
			runOnlyForDeploymentPostprocessing = 0;
		};
/* End PBXFrameworksBuildPhase section */

/* Begin PBXGroup section */
		F7E19D511DFFB220009586CF /* Classes */ = {
			isa = PBXGroup;
			children = (
				F7E19D521DFFB220009586CF /* Data Model */,
				F7E19D531DFFB220009586CF /* Module */,
			);
			path = Classes;
			sourceTree = "<group>";
		};
		F7E19D521DFFB220009586CF /* Data Model */ = {
			isa = PBXGroup;
			children = (
				F7E19D691DFFB2B4009586CF /* ArticleModel.swift */,
			);
			path = "Data Model";
			sourceTree = "<group>";
		};
		F7E19D531DFFB220009586CF /* Module */ = {
			isa = PBXGroup;
			children = (
				F7E19D541DFFB220009586CF /* Article */,
				F7E19D5A1DFFB220009586CF /* Upload */,
			);
			path = Module;
			sourceTree = "<group>";
		};
		F7E19D541DFFB220009586CF /* Article */ = {
			isa = PBXGroup;
			children = (
				F7E19D551DFFB220009586CF /* Model */,
				F7E19D561DFFB220009586CF /* Presenter */,
				F7E19D571DFFB220009586CF /* View */,
			);
			path = Article;
			sourceTree = "<group>";
		};
		F7E19D551DFFB220009586CF /* Model */ = {
			isa = PBXGroup;
			children = (
				F7E19D6B1DFFB443009586CF /* ArticlesData.swift */,
			);
			path = Model;
			sourceTree = "<group>";
		};
		F7E19D561DFFB220009586CF /* Presenter */ = {
			isa = PBXGroup;
			children = (
				F7525B7B1DFFB58E00A79E93 /* ListPresenterInterface.swift */,
				F72FE7BA1E00260C0058D592 /* ListPresenter.swift */,
			);
			path = Presenter;
			sourceTree = "<group>";
		};
		F7E19D571DFFB220009586CF /* View */ = {
			isa = PBXGroup;
			children = (
				F7525B831DFFF41300A79E93 /* ViewController.swift */,
				F7E19D581DFFB220009586CF /* LaunchScreen.storyboard */,
				F7E19D591DFFB220009586CF /* Main.storyboard */,
				F7525B811DFFEF9000A79E93 /* DataCellTableViewCell.swift */,
			);
			path = View;
			sourceTree = "<group>";
		};
		F7E19D5A1DFFB220009586CF /* Upload */ = {
			isa = PBXGroup;
			children = (
				F7E19D5B1DFFB220009586CF /* Model */,
				F7E19D5C1DFFB220009586CF /* Presenter */,
				F7E19D5D1DFFB220009586CF /* View */,
			);
			path = Upload;
			sourceTree = "<group>";
		};
		F7E19D5B1DFFB220009586CF /* Model */ = {
			isa = PBXGroup;
			children = (
			);
			path = Model;
			sourceTree = "<group>";
		};
		F7E19D5C1DFFB220009586CF /* Presenter */ = {
			isa = PBXGroup;
			children = (
			);
			path = Presenter;
			sourceTree = "<group>";
		};
		F7E19D5D1DFFB220009586CF /* View */ = {
			isa = PBXGroup;
			children = (
			);
			path = View;
			sourceTree = "<group>";
		};
		F7E19D5E1DFFB220009586CF /* Resources */ = {
			isa = PBXGroup;
			children = (
				F7E19D5F1DFFB220009586CF /* AppDelegate.swift */,
				F7E19D601DFFB220009586CF /* Assets.xcassets */,
				F7E19D611DFFB220009586CF /* Info.plist */,
				F7525B7D1DFFB6A400A79E93 /* SupportFile.swift */,
				F7525B7F1DFFD5C400A79E93 /* ApiProtocol.swift */,
			);
			path = Resources;
			sourceTree = "<group>";
		};
		F7F8803C1DFE5BDC001BEDEC = {
			isa = PBXGroup;
			children = (
				F7F880471DFE5BDC001BEDEC /* MVP */,
				F7F880461DFE5BDC001BEDEC /* Products */,
			);
			sourceTree = "<group>";
		};
		F7F880461DFE5BDC001BEDEC /* Products */ = {
			isa = PBXGroup;
			children = (
				F7F880451DFE5BDC001BEDEC /* MVP.app */,
			);
			name = Products;
			sourceTree = "<group>";
		};
		F7F880471DFE5BDC001BEDEC /* MVP */ = {
			isa = PBXGroup;
			children = (
				F7E19D511DFFB220009586CF /* Classes */,
				F7E19D5E1DFFB220009586CF /* Resources */,
			);
			path = MVP;
			sourceTree = "<group>";
		};
/* End PBXGroup section */

/* Begin PBXNativeTarget section */
		F7F880441DFE5BDC001BEDEC /* MVP */ = {
			isa = PBXNativeTarget;
			buildConfigurationList = F7F880571DFE5BDC001BEDEC /* Build configuration list for PBXNativeTarget "MVP" */;
			buildPhases = (
				F7F880411DFE5BDC001BEDEC /* Sources */,
				F7F880421DFE5BDC001BEDEC /* Frameworks */,
				F7F880431DFE5BDC001BEDEC /* Resources */,
			);
			buildRules = (
			);
			dependencies = (
			);
			name = MVP;
			productName = MVP;
			productReference = F7F880451DFE5BDC001BEDEC /* MVP.app */;
			productType = "com.apple.product-type.application";
		};
/* End PBXNativeTarget section */

/* Begin PBXProject section */
		F7F8803D1DFE5BDC001BEDEC /* Project object */ = {
			isa = PBXProject;
			attributes = {
				LastSwiftUpdateCheck = 0810;
				LastUpgradeCheck = 0810;
				ORGANIZATIONNAME = "Vansa Pha";
				TargetAttributes = {
					F7F880441DFE5BDC001BEDEC = {
						CreatedOnToolsVersion = 8.1;
						ProvisioningStyle = Automatic;
					};
				};
			};
			buildConfigurationList = F7F880401DFE5BDC001BEDEC /* Build configuration list for PBXProject "MVP" */;
			compatibilityVersion = "Xcode 3.2";
			developmentRegion = English;
			hasScannedForEncodings = 0;
			knownRegions = (
				en,
				Base,
			);
			mainGroup = F7F8803C1DFE5BDC001BEDEC;
			productRefGroup = F7F880461DFE5BDC001BEDEC /* Products */;
			projectDirPath = "";
			projectRoot = "";
			targets = (
				F7F880441DFE5BDC001BEDEC /* MVP */,
			);
		};
/* End PBXProject section */

/* Begin PBXResourcesBuildPhase section */
		F7F880431DFE5BDC001BEDEC /* Resources */ = {
			isa = PBXResourcesBuildPhase;
			buildActionMask = 2147483647;
			files = (
				F7E19D671DFFB220009586CF /* Info.plist in Resources */,
				F7E19D631DFFB220009586CF /* LaunchScreen.storyboard in Resources */,
				F7E19D661DFFB220009586CF /* Assets.xcassets in Resources */,
				F7E19D641DFFB220009586CF /* Main.storyboard in Resources */,
			);
			runOnlyForDeploymentPostprocessing = 0;
		};
/* End PBXResourcesBuildPhase section */

/* Begin PBXSourcesBuildPhase section */
		F7F880411DFE5BDC001BEDEC /* Sources */ = {
			isa = PBXSourcesBuildPhase;
			buildActionMask = 2147483647;
			files = (
				F72FE7BB1E00260C0058D592 /* ListPresenter.swift in Sources */,
				F7E19D6A1DFFB2B4009586CF /* ArticleModel.swift in Sources */,
				F7525B801DFFD5C400A79E93 /* ApiProtocol.swift in Sources */,
				F7525B821DFFEF9000A79E93 /* DataCellTableViewCell.swift in Sources */,
				F7E19D6C1DFFB443009586CF /* ArticlesData.swift in Sources */,
				F7E19D651DFFB220009586CF /* AppDelegate.swift in Sources */,
				F7525B7C1DFFB58E00A79E93 /* ListPresenterInterface.swift in Sources */,
				F7525B841DFFF41300A79E93 /* ViewController.swift in Sources */,
				F7525B7E1DFFB6A400A79E93 /* SupportFile.swift in Sources */,
			);
			runOnlyForDeploymentPostprocessing = 0;
		};
/* End PBXSourcesBuildPhase section */

/* Begin XCBuildConfiguration section */
		F7F880551DFE5BDC001BEDEC /* Debug */ = {
			isa = XCBuildConfiguration;
			buildSettings = {
				ALWAYS_SEARCH_USER_PATHS = NO;
				CLANG_ANALYZER_NONNULL = YES;
				CLANG_CXX_LANGUAGE_STANDARD = "gnu++0x";
				CLANG_CXX_LIBRARY = "libc++";
				CLANG_ENABLE_MODULES = YES;
				CLANG_ENABLE_OBJC_ARC = YES;
				CLANG_WARN_BOOL_CONVERSION = YES;
				CLANG_WARN_CONSTANT_CONVERSION = YES;
				CLANG_WARN_DIRECT_OBJC_ISA_USAGE = YES_ERROR;
				CLANG_WARN_DOCUMENTATION_COMMENTS = YES;
				CLANG_WARN_EMPTY_BODY = YES;
				CLANG_WARN_ENUM_CONVERSION = YES;
				CLANG_WARN_INFINITE_RECURSION = YES;
				CLANG_WARN_INT_CONVERSION = YES;
				CLANG_WARN_OBJC_ROOT_CLASS = YES_ERROR;
				CLANG_WARN_SUSPICIOUS_MOVES = YES;
				CLANG_WARN_UNREACHABLE_CODE = YES;
				CLANG_WARN__DUPLICATE_METHOD_MATCH = YES;
				"CODE_SIGN_IDENTITY[sdk=iphoneos*]" = "iPhone Developer";
				COPY_PHASE_STRIP = NO;
				DEBUG_INFORMATION_FORMAT = dwarf;
				ENABLE_STRICT_OBJC_MSGSEND = YES;
				ENABLE_TESTABILITY = YES;
				GCC_C_LANGUAGE_STANDARD = gnu99;
				GCC_DYNAMIC_NO_PIC = NO;
				GCC_NO_COMMON_BLOCKS = YES;
				GCC_OPTIMIZATION_LEVEL = 0;
				GCC_PREPROCESSOR_DEFINITIONS = (
					"DEBUG=1",
					"$(inherited)",
				);
				GCC_WARN_64_TO_32_BIT_CONVERSION = YES;
				GCC_WARN_ABOUT_RETURN_TYPE = YES_ERROR;
				GCC_WARN_UNDECLARED_SELECTOR = YES;
				GCC_WARN_UNINITIALIZED_AUTOS = YES_AGGRESSIVE;
				GCC_WARN_UNUSED_FUNCTION = YES;
				GCC_WARN_UNUSED_VARIABLE = YES;
				IPHONEOS_DEPLOYMENT_TARGET = 10.1;
				MTL_ENABLE_DEBUG_INFO = YES;
				ONLY_ACTIVE_ARCH = YES;
				SDKROOT = iphoneos;
				SWIFT_ACTIVE_COMPILATION_CONDITIONS = DEBUG;
				SWIFT_OPTIMIZATION_LEVEL = "-Onone";
				TARGETED_DEVICE_FAMILY = "1,2";
			};
			name = Debug;
		};
		F7F880561DFE5BDC001BEDEC /* Release */ = {
			isa = XCBuildConfiguration;
			buildSettings = {
				ALWAYS_SEARCH_USER_PATHS = NO;
				CLANG_ANALYZER_NONNULL = YES;
				CLANG_CXX_LANGUAGE_STANDARD = "gnu++0x";
				CLANG_CXX_LIBRARY = "libc++";
				CLANG_ENABLE_MODULES = YES;
				CLANG_ENABLE_OBJC_ARC = YES;
				CLANG_WARN_BOOL_CONVERSION = YES;
				CLANG_WARN_CONSTANT_CONVERSION = YES;
				CLANG_WARN_DIRECT_OBJC_ISA_USAGE = YES_ERROR;
				CLANG_WARN_DOCUMENTATION_COMMENTS = YES;
				CLANG_WARN_EMPTY_BODY = YES;
				CLANG_WARN_ENUM_CONVERSION = YES;
				CLANG_WARN_INFINITE_RECURSION = YES;
				CLANG_WARN_INT_CONVERSION = YES;
				CLANG_WARN_OBJC_ROOT_CLASS = YES_ERROR;
				CLANG_WARN_SUSPICIOUS_MOVES = YES;
				CLANG_WARN_UNREACHABLE_CODE = YES;
				CLANG_WARN__DUPLICATE_METHOD_MATCH = YES;
				"CODE_SIGN_IDENTITY[sdk=iphoneos*]" = "iPhone Developer";
				COPY_PHASE_STRIP = NO;
				DEBUG_INFORMATION_FORMAT = "dwarf-with-dsym";
				ENABLE_NS_ASSERTIONS = NO;
				ENABLE_STRICT_OBJC_MSGSEND = YES;
				GCC_C_LANGUAGE_STANDARD = gnu99;
				GCC_NO_COMMON_BLOCKS = YES;
				GCC_WARN_64_TO_32_BIT_CONVERSION = YES;
				GCC_WARN_ABOUT_RETURN_TYPE = YES_ERROR;
				GCC_WARN_UNDECLARED_SELECTOR = YES;
				GCC_WARN_UNINITIALIZED_AUTOS = YES_AGGRESSIVE;
				GCC_WARN_UNUSED_FUNCTION = YES;
				GCC_WARN_UNUSED_VARIABLE = YES;
				IPHONEOS_DEPLOYMENT_TARGET = 10.1;
				MTL_ENABLE_DEBUG_INFO = NO;
				SDKROOT = iphoneos;
				SWIFT_OPTIMIZATION_LEVEL = "-Owholemodule";
				TARGETED_DEVICE_FAMILY = "1,2";
				VALIDATE_PRODUCT = YES;
			};
			name = Release;
		};
		F7F880581DFE5BDC001BEDEC /* Debug */ = {
			isa = XCBuildConfiguration;
			buildSettings = {
				ASSETCATALOG_COMPILER_APPICON_NAME = AppIcon;
				DEVELOPMENT_TEAM = "";
				INFOPLIST_FILE = "$(SRCROOT)/MVP/Resources/Info.plist";
				LD_RUNPATH_SEARCH_PATHS = "$(inherited) @executable_path/Frameworks";
				PRODUCT_BUNDLE_IDENTIFIER = com.amret.MVP;
				PRODUCT_NAME = "$(TARGET_NAME)";
				SWIFT_VERSION = 3.0;
			};
			name = Debug;
		};
		F7F880591DFE5BDC001BEDEC /* Release */ = {
			isa = XCBuildConfiguration;
			buildSettings = {
				ASSETCATALOG_COMPILER_APPICON_NAME = AppIcon;
				DEVELOPMENT_TEAM = "";
				INFOPLIST_FILE = "$(SRCROOT)/MVP/Resources/Info.plist";
				LD_RUNPATH_SEARCH_PATHS = "$(inherited) @executable_path/Frameworks";
				PRODUCT_BUNDLE_IDENTIFIER = com.amret.MVP;
				PRODUCT_NAME = "$(TARGET_NAME)";
				SWIFT_VERSION = 3.0;
			};
			name = Release;
		};
/* End XCBuildConfiguration section */

/* Begin XCConfigurationList section */
		F7F880401DFE5BDC001BEDEC /* Build configuration list for PBXProject "MVP" */ = {
			isa = XCConfigurationList;
			buildConfigurations = (
				F7F880551DFE5BDC001BEDEC /* Debug */,
				F7F880561DFE5BDC001BEDEC /* Release */,
			);
			defaultConfigurationIsVisible = 0;
			defaultConfigurationName = Release;
		};
		F7F880571DFE5BDC001BEDEC /* Build configuration list for PBXNativeTarget "MVP" */ = {
			isa = XCConfigurationList;
			buildConfigurations = (
				F7F880581DFE5BDC001BEDEC /* Debug */,
				F7F880591DFE5BDC001BEDEC /* Release */,
			);
			defaultConfigurationIsVisible = 0;
			defaultConfigurationName = Release;
		};
/* End XCConfigurationList section */
	};
	rootObject = F7F8803D1DFE5BDC001BEDEC /* Project object */;
}
